
Microsoft Visual Studio Solution File, Format Version 12.00
# Visual Studio 2015
Project("{FAE04EC0-301F-11D3-BF4B-00C04F79EFBC}") = "SGG.CSharp", "SGG.CSharp.csproj", "{8868D5BC-1DC7-8FE3-B502-E4A19885081B}"
EndProject
Global
	GlobalSection(SolutionConfigurationPlatforms) = preSolution
		Debug|Any CPU = Debug|Any CPU
		Release|Any CPU = Release|Any CPU
	EndGlobalSection
	GlobalSection(ProjectConfigurationPlatforms) = postSolution
		{8868D5BC-1DC7-8FE3-B502-E4A19885081B}.Debug|Any CPU.ActiveCfg = Debug|Any CPU
		{8868D5BC-1DC7-8FE3-B502-E4A19885081B}.Debug|Any CPU.Build.0 = Debug|Any CPU
		{8868D5BC-1DC7-8FE3-B502-E4A19885081B}.Release|Any CPU.ActiveCfg = Release|Any CPU
		{8868D5BC-1DC7-8FE3-B502-E4A19885081B}.Release|Any CPU.Build.0 = Release|Any CPU
	EndGlobalSection
	GlobalSection(SolutionProperties) = preSolution
		HideSolutionNode = FALSE
	EndGlobalSection
EndGlobal
